
Microsoft Visual Studio Solution File, Format Version 12.00
# Visual Studio Version 17
VisualStudioVersion = 17.6.33815.320
MinimumVisualStudioVersion = 10.0.40219.1
Project("{FAE04EC0-301F-11D3-BF4B-00C04F79EFBC}") = "2RappresentareUnaPersonaFisica", "2RappresentareUnaPersonaFisica\2RappresentareUnaPersonaFisica.csproj", "{2EFA7E99-53CD-4C7B-833D-A9C075B7B9C6}"
EndProject
Global
	GlobalSection(SolutionConfigurationPlatforms) = preSolution
		Debug|Any CPU = Debug|Any CPU
		Release|Any CPU = Release|Any CPU
	EndGlobalSection
	GlobalSection(ProjectConfigurationPlatforms) = postSolution
		{2EFA7E99-53CD-4C7B-833D-A9C075B7B9C6}.Debug|Any CPU.ActiveCfg = Debug|Any CPU
		{2EFA7E99-53CD-4C7B-833D-A9C075B7B9C6}.Debug|Any CPU.Build.0 = Debug|Any CPU
		{2EFA7E99-53CD-4C7B-833D-A9C075B7B9C6}.Release|Any CPU.ActiveCfg = Release|Any CPU
		{2EFA7E99-53CD-4C7B-833D-A9C075B7B9C6}.Release|Any CPU.Build.0 = Release|Any CPU
	EndGlobalSection
	GlobalSection(SolutionProperties) = preSolution
		HideSolutionNode = FALSE
	EndGlobalSection
	GlobalSection(ExtensibilityGlobals) = postSolution
		SolutionGuid = {C77A3B57-19CC-460D-B8A5-397510A08C49}
	EndGlobalSection
EndGlobal
